
Microsoft Visual Studio Solution File, Format Version 12.00
# Visual Studio Version 17
VisualStudioVersion = 17.5.33414.496
MinimumVisualStudioVersion = 10.0.40219.1
Project("{FAE04EC0-301F-11D3-BF4B-00C04F79EFBC}") = "BOTVA", "BOTVA.csproj", "{87082A63-B2D0-4F84-AE52-D90D0EC312BE}"
EndProject
Global
	GlobalSection(SolutionConfigurationPlatforms) = preSolution
		Debug|Any CPU = Debug|Any CPU
		Release|Any CPU = Release|Any CPU
	EndGlobalSection
	GlobalSection(ProjectConfigurationPlatforms) = postSolution
		{87082A63-B2D0-4F84-AE52-D90D0EC312BE}.Debug|Any CPU.ActiveCfg = Debug|Any CPU
		{87082A63-B2D0-4F84-AE52-D90D0EC312BE}.Debug|Any CPU.Build.0 = Debug|Any CPU
		{87082A63-B2D0-4F84-AE52-D90D0EC312BE}.Release|Any CPU.ActiveCfg = Release|Any CPU
		{87082A63-B2D0-4F84-AE52-D90D0EC312BE}.Release|Any CPU.Build.0 = Release|Any CPU
	EndGlobalSection
	GlobalSection(SolutionProperties) = preSolution
		HideSolutionNode = FALSE
	EndGlobalSection
	GlobalSection(ExtensibilityGlobals) = postSolution
		SolutionGuid = {89D65712-0BF6-4D3E-86C2-A7B73ED1075B}
	EndGlobalSection
EndGlobal
